
Microsoft Visual Studio Solution File, Format Version 12.00
# Visual Studio Version 17
VisualStudioVersion = 17.4.33213.308
MinimumVisualStudioVersion = 10.0.40219.1
Project("{9A19103F-16F7-4668-BE54-9A1E7A4F7556}") = "WebApi", "WebApi\WebApi.csproj", "{6EE93B5E-599F-4B94-AB91-81051CCEBB33}"
EndProject
Project("{FAE04EC0-301F-11D3-BF4B-00C04F79EFBC}") = "Persistance", "Persistance\Persistance.csproj", "{62A20EFE-89DC-4D16-BA92-132879D12D9B}"
EndProject
Project("{FAE04EC0-301F-11D3-BF4B-00C04F79EFBC}") = "Domain", "Domain\Domain.csproj", "{AC3A23E1-74CD-4387-8E72-CA420B4F14D7}"
EndProject
Project("{FAE04EC0-301F-11D3-BF4B-00C04F79EFBC}") = "Application", "Application\Application.csproj", "{B177B6C3-78BD-427D-AAC1-C49303FE8856}"
EndProject
Project("{FAE04EC0-301F-11D3-BF4B-00C04F79EFBC}") = "Infrastructure", "Infrastructure\Infrastructure.csproj", "{C1932F5A-A279-4606-B853-03C782A83B9A}"
EndProject
Global
	GlobalSection(SolutionConfigurationPlatforms) = preSolution
		Debug|Any CPU = Debug|Any CPU
		Release|Any CPU = Release|Any CPU
	EndGlobalSection
	GlobalSection(ProjectConfigurationPlatforms) = postSolution
		{6EE93B5E-599F-4B94-AB91-81051CCEBB33}.Debug|Any CPU.ActiveCfg = Debug|Any CPU
		{6EE93B5E-599F-4B94-AB91-81051CCEBB33}.Debug|Any CPU.Build.0 = Debug|Any CPU
		{6EE93B5E-599F-4B94-AB91-81051CCEBB33}.Release|Any CPU.ActiveCfg = Release|Any CPU
		{6EE93B5E-599F-4B94-AB91-81051CCEBB33}.Release|Any CPU.Build.0 = Release|Any CPU
		{62A20EFE-89DC-4D16-BA92-132879D12D9B}.Debug|Any CPU.ActiveCfg = Debug|Any CPU
		{62A20EFE-89DC-4D16-BA92-132879D12D9B}.Debug|Any CPU.Build.0 = Debug|Any CPU
		{62A20EFE-89DC-4D16-BA92-132879D12D9B}.Release|Any CPU.ActiveCfg = Release|Any CPU
		{62A20EFE-89DC-4D16-BA92-132879D12D9B}.Release|Any CPU.Build.0 = Release|Any CPU
		{AC3A23E1-74CD-4387-8E72-CA420B4F14D7}.Debug|Any CPU.ActiveCfg = Debug|Any CPU
		{AC3A23E1-74CD-4387-8E72-CA420B4F14D7}.Debug|Any CPU.Build.0 = Debug|Any CPU
		{AC3A23E1-74CD-4387-8E72-CA420B4F14D7}.Release|Any CPU.ActiveCfg = Release|Any CPU
		{AC3A23E1-74CD-4387-8E72-CA420B4F14D7}.Release|Any CPU.Build.0 = Release|Any CPU
		{B177B6C3-78BD-427D-AAC1-C49303FE8856}.Debug|Any CPU.ActiveCfg = Debug|Any CPU
		{B177B6C3-78BD-427D-AAC1-C49303FE8856}.Debug|Any CPU.Build.0 = Debug|Any CPU
		{B177B6C3-78BD-427D-AAC1-C49303FE8856}.Release|Any CPU.ActiveCfg = Release|Any CPU
		{B177B6C3-78BD-427D-AAC1-C49303FE8856}.Release|Any CPU.Build.0 = Release|Any CPU
		{C1932F5A-A279-4606-B853-03C782A83B9A}.Debug|Any CPU.ActiveCfg = Debug|Any CPU
		{C1932F5A-A279-4606-B853-03C782A83B9A}.Debug|Any CPU.Build.0 = Debug|Any CPU
		{C1932F5A-A279-4606-B853-03C782A83B9A}.Release|Any CPU.ActiveCfg = Release|Any CPU
		{C1932F5A-A279-4606-B853-03C782A83B9A}.Release|Any CPU.Build.0 = Release|Any CPU
	EndGlobalSection
	GlobalSection(SolutionProperties) = preSolution
		HideSolutionNode = FALSE
	EndGlobalSection
	GlobalSection(ExtensibilityGlobals) = postSolution
		SolutionGuid = {118A768A-A031-4F73-90D2-5AA4F877DBE3}
	EndGlobalSection
EndGlobal
